# This file is autogenerated, do not edit; changes may be undone by the next 'dep ensure'.


[[projects]]
  digest = "1:7caeb526eadf6c4cfd515508a48b623bcce0523c191dbae804170b86a6ef9a06"
  name = "github.com/akamensky/argparse"
  packages = ["."]
  pruneopts = "UT"
  revision = "936811b12db25dad4b7b86cbfd1dcc61571145cc"
  version = "v1.2.1"

[[projects]]
  digest = "1:09cb61dc19af93deae01587e2fdb1c081e0bf48f1a5ad5fa24f48750dc57dce8"
  name = "github.com/konsorten/go-windows-terminal-sequences"
  packages = ["."]
  pruneopts = "UT"
  revision = "edb144dfd453055e1e49a3d8b410a660b5a87613"
  version = "v1.0.3"

[[projects]]
  digest = "1:d50ca95fa1f61e5dbd5907e01c4bd7e8aba90ceb3d5308d4aea179e7231f00d8"
  name = "github.com/miekg/dns"
  packages = ["."]
  pruneopts = "UT"
  revision = "34cecfe1b489442934480cec58277b4b39b1a1cd"
  version = "v1.1.31"

[[projects]]
  digest = "1:05eebdd5727fea23083fce0d98d307d70c86baed644178e81608aaa9f09ea469"
  name = "github.com/sirupsen/logrus"
  packages = ["."]
  pruneopts = "UT"
  revision = "60c74ad9be0d874af0ab0daef6ab07c5c5911f0d"
  version = "v1.6.0"

[[projects]]
  branch = "master"
  digest = "1:cd7e85fc3687e062714febdee3e8efeb00a413a2a620d28908fd0258261d2353"
  name = "golang.org/x/crypto"
  packages = [
    "ed25519",
    "ed25519/internal/edwards25519",
  ]
  pruneopts = "UT"
  revision = "123391ffb6de907695e1066dc40c1ff09322aeb6"

[[projects]]
  digest = "1:2199118a5de91125b472c6a71ecd81b636d7ce252f64087e57f1ba5830f1451a"
  name = "golang.org/x/mod"
  packages = ["semver"]
  pruneopts = "UT"
  revision = "859b3ef565e237f9f1a0fb6b55385c497545680d"
  version = "v0.3.0"

[[projects]]
  branch = "master"
  digest = "1:1355e6900efa3eb3964e96fb5563d67067163a3b4b51fa604dc095da09bdb263"
  name = "golang.org/x/net"
  packages = [
    "bpf",
    "internal/iana",
    "internal/socket",
    "ipv4",
    "ipv6",
  ]
  pruneopts = "UT"
  revision = "ab34263943818b32f575efc978a3d24e80b04bd7"

[[projects]]
  branch = "master"
  digest = "1:39d0d400b18271e715b03849d6144adc09aa9810264bba04aec79f231b01fd53"
  name = "golang.org/x/sys"
  packages = [
    "internal/unsafeheader",
    "unix",
    "windows",
  ]
  pruneopts = "UT"
  revision = "5acd03effb828bdfdbad4e129e7daf84af6670b4"

[[projects]]
  branch = "master"
  digest = "1:f118c864c92d8867916ed3278aaec479a0a468e7c047f531cccadf4f21368ddb"
  name = "golang.org/x/tools"
  packages = [
    "go/ast/astutil",
    "go/gcexportdata",
    "go/internal/gcimporter",
    "go/internal/packagesdriver",
    "go/packages",
    "go/types/typeutil",
    "internal/event",
    "internal/event/core",
    "internal/event/keys",
    "internal/event/label",
    "internal/gocommand",
    "internal/packagesinternal",
    "internal/typesinternal",
  ]
  pruneopts = "UT"
  revision = "92211316783d93a277f25bf07980c27d58128e5e"

[[projects]]
  branch = "master"
  digest = "1:918a46e4a2fb83df33f668f5a6bd51b2996775d073fce1800d3ec01b0a5ddd2b"
  name = "golang.org/x/xerrors"
  packages = [
    ".",
    "internal",
  ]
  pruneopts = "UT"
  revision = "5ec99f83aff198f5fbd629d6c8d8eb38a04218ca"

[[projects]]
  digest = "1:d7f1bd887dc650737a421b872ca883059580e9f8314d601f88025df4f4802dce"
  name = "gopkg.in/yaml.v2"
  packages = ["."]
  pruneopts = "UT"
  revision = "0b1645d91e851e735d3e23330303ce81f70adbe3"
  version = "v2.3.0"

[solve-meta]
  analyzer-name = "dep"
  analyzer-version = 1
  input-imports = [
    "github.com/akamensky/argparse",
    "github.com/miekg/dns",
    "github.com/sirupsen/logrus",
    "gopkg.in/yaml.v2",
  ]
  solver-name = "gps-cdcl"
  solver-version = 1
